
Microsoft Visual Studio Solution File, Format Version 12.00
# Visual Studio Version 17
VisualStudioVersion = 17.2.32616.157
MinimumVisualStudioVersion = 10.0.40219.1
Project("{FAE04EC0-301F-11D3-BF4B-00C04F79EFBC}") = "CallOfDutyAPI", "CallOfDutyAPI\CallOfDutyAPI.csproj", "{7CACEF77-73FE-4ABA-9867-AD80C4D2406A}"
EndProject
Global
	GlobalSection(SolutionConfigurationPlatforms) = preSolution
		Debug|Any CPU = Debug|Any CPU
		Release|Any CPU = Release|Any CPU
	EndGlobalSection
	GlobalSection(ProjectConfigurationPlatforms) = postSolution
		{7CACEF77-73FE-4ABA-9867-AD80C4D2406A}.Debug|Any CPU.ActiveCfg = Debug|Any CPU
		{7CACEF77-73FE-4ABA-9867-AD80C4D2406A}.Debug|Any CPU.Build.0 = Debug|Any CPU
		{7CACEF77-73FE-4ABA-9867-AD80C4D2406A}.Release|Any CPU.ActiveCfg = Release|Any CPU
		{7CACEF77-73FE-4ABA-9867-AD80C4D2406A}.Release|Any CPU.Build.0 = Release|Any CPU
	EndGlobalSection
	GlobalSection(SolutionProperties) = preSolution
		HideSolutionNode = FALSE
	EndGlobalSection
	GlobalSection(ExtensibilityGlobals) = postSolution
		SolutionGuid = {0A8EC87A-6F45-4B35-8107-B387CEED6DA6}
	EndGlobalSection
EndGlobal
